
Microsoft Visual Studio Solution File, Format Version 12.00
# Visual Studio Version 17
VisualStudioVersion = 17.14.37216.2 d17.14
MinimumVisualStudioVersion = 10.0.40219.1
Project("{FAE04EC0-301F-11D3-BF4B-00C04F79EFBC}") = "Quesstion7", "Quesstion7\Quesstion7.csproj", "{26318983-720B-499C-A2BF-892A5404D6EA}"
EndProject
Global
	GlobalSection(SolutionConfigurationPlatforms) = preSolution
		Debug|Any CPU = Debug|Any CPU
		Release|Any CPU = Release|Any CPU
	EndGlobalSection
	GlobalSection(ProjectConfigurationPlatforms) = postSolution
		{26318983-720B-499C-A2BF-892A5404D6EA}.Debug|Any CPU.ActiveCfg = Debug|Any CPU
		{26318983-720B-499C-A2BF-892A5404D6EA}.Debug|Any CPU.Build.0 = Debug|Any CPU
		{26318983-720B-499C-A2BF-892A5404D6EA}.Release|Any CPU.ActiveCfg = Release|Any CPU
		{26318983-720B-499C-A2BF-892A5404D6EA}.Release|Any CPU.Build.0 = Release|Any CPU
	EndGlobalSection
	GlobalSection(SolutionProperties) = preSolution
		HideSolutionNode = FALSE
	EndGlobalSection
	GlobalSection(ExtensibilityGlobals) = postSolution
		SolutionGuid = {09966B1F-E365-46A2-9520-0F328A8FE8A6}
	EndGlobalSection
EndGlobal
