
Microsoft Visual Studio Solution File, Format Version 12.00
# Visual Studio Version 17
VisualStudioVersion = 17.14.37216.2 d17.14
MinimumVisualStudioVersion = 10.0.40219.1
Project("{FAE04EC0-301F-11D3-BF4B-00C04F79EFBC}") = "Question31", "Question31\Question31.csproj", "{917D561C-4868-48DD-B61D-8355B5013EFF}"
EndProject
Global
	GlobalSection(SolutionConfigurationPlatforms) = preSolution
		Debug|Any CPU = Debug|Any CPU
		Release|Any CPU = Release|Any CPU
	EndGlobalSection
	GlobalSection(ProjectConfigurationPlatforms) = postSolution
		{917D561C-4868-48DD-B61D-8355B5013EFF}.Debug|Any CPU.ActiveCfg = Debug|Any CPU
		{917D561C-4868-48DD-B61D-8355B5013EFF}.Debug|Any CPU.Build.0 = Debug|Any CPU
		{917D561C-4868-48DD-B61D-8355B5013EFF}.Release|Any CPU.ActiveCfg = Release|Any CPU
		{917D561C-4868-48DD-B61D-8355B5013EFF}.Release|Any CPU.Build.0 = Release|Any CPU
	EndGlobalSection
	GlobalSection(SolutionProperties) = preSolution
		HideSolutionNode = FALSE
	EndGlobalSection
	GlobalSection(ExtensibilityGlobals) = postSolution
		SolutionGuid = {91E0675E-3982-4B21-A63D-DD8FC4EEE29C}
	EndGlobalSection
EndGlobal
