
Microsoft Visual Studio Solution File, Format Version 12.00
# Visual Studio Version 17
VisualStudioVersion = 17.14.37216.2 d17.14
MinimumVisualStudioVersion = 10.0.40219.1
Project("{FAE04EC0-301F-11D3-BF4B-00C04F79EFBC}") = "Question18", "Question18\Question18.csproj", "{8DEB1847-5EEE-420D-B7ED-879BC01048BD}"
EndProject
Global
	GlobalSection(SolutionConfigurationPlatforms) = preSolution
		Debug|Any CPU = Debug|Any CPU
		Release|Any CPU = Release|Any CPU
	EndGlobalSection
	GlobalSection(ProjectConfigurationPlatforms) = postSolution
		{8DEB1847-5EEE-420D-B7ED-879BC01048BD}.Debug|Any CPU.ActiveCfg = Debug|Any CPU
		{8DEB1847-5EEE-420D-B7ED-879BC01048BD}.Debug|Any CPU.Build.0 = Debug|Any CPU
		{8DEB1847-5EEE-420D-B7ED-879BC01048BD}.Release|Any CPU.ActiveCfg = Release|Any CPU
		{8DEB1847-5EEE-420D-B7ED-879BC01048BD}.Release|Any CPU.Build.0 = Release|Any CPU
	EndGlobalSection
	GlobalSection(SolutionProperties) = preSolution
		HideSolutionNode = FALSE
	EndGlobalSection
	GlobalSection(ExtensibilityGlobals) = postSolution
		SolutionGuid = {09C027E4-0AB3-4009-AFB8-BCD3D30AFAFD}
	EndGlobalSection
EndGlobal
