
Microsoft Visual Studio Solution File, Format Version 12.00
# Visual Studio Version 17
VisualStudioVersion = 17.14.37216.2 d17.14
MinimumVisualStudioVersion = 10.0.40219.1
Project("{FAE04EC0-301F-11D3-BF4B-00C04F79EFBC}") = "DelegateExample", "DelegateExample\DelegateExample.csproj", "{FFF8C7BE-EFEB-4393-B028-ABE7777DDB11}"
EndProject
Global
	GlobalSection(SolutionConfigurationPlatforms) = preSolution
		Debug|Any CPU = Debug|Any CPU
		Release|Any CPU = Release|Any CPU
	EndGlobalSection
	GlobalSection(ProjectConfigurationPlatforms) = postSolution
		{FFF8C7BE-EFEB-4393-B028-ABE7777DDB11}.Debug|Any CPU.ActiveCfg = Debug|Any CPU
		{FFF8C7BE-EFEB-4393-B028-ABE7777DDB11}.Debug|Any CPU.Build.0 = Debug|Any CPU
		{FFF8C7BE-EFEB-4393-B028-ABE7777DDB11}.Release|Any CPU.ActiveCfg = Release|Any CPU
		{FFF8C7BE-EFEB-4393-B028-ABE7777DDB11}.Release|Any CPU.Build.0 = Release|Any CPU
	EndGlobalSection
	GlobalSection(SolutionProperties) = preSolution
		HideSolutionNode = FALSE
	EndGlobalSection
	GlobalSection(ExtensibilityGlobals) = postSolution
		SolutionGuid = {AA7DBC06-A487-4724-A92F-69EBF3330110}
	EndGlobalSection
EndGlobal
