
Microsoft Visual Studio Solution File, Format Version 12.00
# Visual Studio Version 17
VisualStudioVersion = 17.14.37216.2 d17.14
MinimumVisualStudioVersion = 10.0.40219.1
Project("{FAE04EC0-301F-11D3-BF4B-00C04F79EFBC}") = "TypeSample3", "TypeSample3\TypeSample3.csproj", "{8C1B0FD5-C7C8-48AE-852E-603F66C9FD6A}"
EndProject
Global
	GlobalSection(SolutionConfigurationPlatforms) = preSolution
		Debug|Any CPU = Debug|Any CPU
		Release|Any CPU = Release|Any CPU
	EndGlobalSection
	GlobalSection(ProjectConfigurationPlatforms) = postSolution
		{8C1B0FD5-C7C8-48AE-852E-603F66C9FD6A}.Debug|Any CPU.ActiveCfg = Debug|Any CPU
		{8C1B0FD5-C7C8-48AE-852E-603F66C9FD6A}.Debug|Any CPU.Build.0 = Debug|Any CPU
		{8C1B0FD5-C7C8-48AE-852E-603F66C9FD6A}.Release|Any CPU.ActiveCfg = Release|Any CPU
		{8C1B0FD5-C7C8-48AE-852E-603F66C9FD6A}.Release|Any CPU.Build.0 = Release|Any CPU
	EndGlobalSection
	GlobalSection(SolutionProperties) = preSolution
		HideSolutionNode = FALSE
	EndGlobalSection
	GlobalSection(ExtensibilityGlobals) = postSolution
		SolutionGuid = {5815AA40-D6BA-4441-8A9F-13E9A82EA8FB}
	EndGlobalSection
EndGlobal
