
Microsoft Visual Studio Solution File, Format Version 12.00
# Visual Studio Version 17
VisualStudioVersion = 17.14.37216.2 d17.14
MinimumVisualStudioVersion = 10.0.40219.1
Project("{FAE04EC0-301F-11D3-BF4B-00C04F79EFBC}") = "Question17", "Question17\Question17.csproj", "{76A0F472-332A-4E4C-B3F4-804F85BB4A2D}"
EndProject
Global
	GlobalSection(SolutionConfigurationPlatforms) = preSolution
		Debug|Any CPU = Debug|Any CPU
		Release|Any CPU = Release|Any CPU
	EndGlobalSection
	GlobalSection(ProjectConfigurationPlatforms) = postSolution
		{76A0F472-332A-4E4C-B3F4-804F85BB4A2D}.Debug|Any CPU.ActiveCfg = Debug|Any CPU
		{76A0F472-332A-4E4C-B3F4-804F85BB4A2D}.Debug|Any CPU.Build.0 = Debug|Any CPU
		{76A0F472-332A-4E4C-B3F4-804F85BB4A2D}.Release|Any CPU.ActiveCfg = Release|Any CPU
		{76A0F472-332A-4E4C-B3F4-804F85BB4A2D}.Release|Any CPU.Build.0 = Release|Any CPU
	EndGlobalSection
	GlobalSection(SolutionProperties) = preSolution
		HideSolutionNode = FALSE
	EndGlobalSection
	GlobalSection(ExtensibilityGlobals) = postSolution
		SolutionGuid = {3B575488-3D12-4E62-A092-FFE4E2E53040}
	EndGlobalSection
EndGlobal
