
Microsoft Visual Studio Solution File, Format Version 12.00
# Visual Studio Version 17
VisualStudioVersion = 17.14.37216.2 d17.14
MinimumVisualStudioVersion = 10.0.40219.1
Project("{FAE04EC0-301F-11D3-BF4B-00C04F79EFBC}") = "TypeSample2", "TypeSample2\TypeSample2.csproj", "{A8E0903A-6420-4CD0-941B-39A83A6A66B4}"
EndProject
Global
	GlobalSection(SolutionConfigurationPlatforms) = preSolution
		Debug|Any CPU = Debug|Any CPU
		Release|Any CPU = Release|Any CPU
	EndGlobalSection
	GlobalSection(ProjectConfigurationPlatforms) = postSolution
		{A8E0903A-6420-4CD0-941B-39A83A6A66B4}.Debug|Any CPU.ActiveCfg = Debug|Any CPU
		{A8E0903A-6420-4CD0-941B-39A83A6A66B4}.Debug|Any CPU.Build.0 = Debug|Any CPU
		{A8E0903A-6420-4CD0-941B-39A83A6A66B4}.Release|Any CPU.ActiveCfg = Release|Any CPU
		{A8E0903A-6420-4CD0-941B-39A83A6A66B4}.Release|Any CPU.Build.0 = Release|Any CPU
	EndGlobalSection
	GlobalSection(SolutionProperties) = preSolution
		HideSolutionNode = FALSE
	EndGlobalSection
	GlobalSection(ExtensibilityGlobals) = postSolution
		SolutionGuid = {22DFAB73-B4D3-4A86-BA37-0634C70DB847}
	EndGlobalSection
EndGlobal
