
Microsoft Visual Studio Solution File, Format Version 12.00
# Visual Studio Version 17
VisualStudioVersion = 17.14.37216.2 d17.14
MinimumVisualStudioVersion = 10.0.40219.1
Project("{FAE04EC0-301F-11D3-BF4B-00C04F79EFBC}") = "Question29", "Question29\Question29.csproj", "{5118ECB8-0EA7-4C47-854E-84F63A8FBE6E}"
EndProject
Global
	GlobalSection(SolutionConfigurationPlatforms) = preSolution
		Debug|Any CPU = Debug|Any CPU
		Release|Any CPU = Release|Any CPU
	EndGlobalSection
	GlobalSection(ProjectConfigurationPlatforms) = postSolution
		{5118ECB8-0EA7-4C47-854E-84F63A8FBE6E}.Debug|Any CPU.ActiveCfg = Debug|Any CPU
		{5118ECB8-0EA7-4C47-854E-84F63A8FBE6E}.Debug|Any CPU.Build.0 = Debug|Any CPU
		{5118ECB8-0EA7-4C47-854E-84F63A8FBE6E}.Release|Any CPU.ActiveCfg = Release|Any CPU
		{5118ECB8-0EA7-4C47-854E-84F63A8FBE6E}.Release|Any CPU.Build.0 = Release|Any CPU
	EndGlobalSection
	GlobalSection(SolutionProperties) = preSolution
		HideSolutionNode = FALSE
	EndGlobalSection
	GlobalSection(ExtensibilityGlobals) = postSolution
		SolutionGuid = {E18AB31A-22FF-4352-A71B-7269B96F1633}
	EndGlobalSection
EndGlobal
