
Microsoft Visual Studio Solution File, Format Version 12.00
# Visual Studio Version 17
VisualStudioVersion = 17.14.37216.2 d17.14
MinimumVisualStudioVersion = 10.0.40219.1
Project("{FAE04EC0-301F-11D3-BF4B-00C04F79EFBC}") = "TypeSample", "TypeSample\TypeSample.csproj", "{4940E068-4F8B-487E-B0A5-FA883084F6E8}"
EndProject
Global
	GlobalSection(SolutionConfigurationPlatforms) = preSolution
		Debug|Any CPU = Debug|Any CPU
		Release|Any CPU = Release|Any CPU
	EndGlobalSection
	GlobalSection(ProjectConfigurationPlatforms) = postSolution
		{4940E068-4F8B-487E-B0A5-FA883084F6E8}.Debug|Any CPU.ActiveCfg = Debug|Any CPU
		{4940E068-4F8B-487E-B0A5-FA883084F6E8}.Debug|Any CPU.Build.0 = Debug|Any CPU
		{4940E068-4F8B-487E-B0A5-FA883084F6E8}.Release|Any CPU.ActiveCfg = Release|Any CPU
		{4940E068-4F8B-487E-B0A5-FA883084F6E8}.Release|Any CPU.Build.0 = Release|Any CPU
	EndGlobalSection
	GlobalSection(SolutionProperties) = preSolution
		HideSolutionNode = FALSE
	EndGlobalSection
	GlobalSection(ExtensibilityGlobals) = postSolution
		SolutionGuid = {A4E6DDB4-0C43-48E9-B822-3F8292174CD5}
	EndGlobalSection
EndGlobal
