
Microsoft Visual Studio Solution File, Format Version 12.00
# Visual Studio Version 17
VisualStudioVersion = 17.14.37216.2 d17.14
MinimumVisualStudioVersion = 10.0.40219.1
Project("{FAE04EC0-301F-11D3-BF4B-00C04F79EFBC}") = "TestMain", "TestMain\TestMain.csproj", "{42F18C18-D1B7-4B6B-A426-F70759443BDB}"
EndProject
Global
	GlobalSection(SolutionConfigurationPlatforms) = preSolution
		Debug|Any CPU = Debug|Any CPU
		Release|Any CPU = Release|Any CPU
	EndGlobalSection
	GlobalSection(ProjectConfigurationPlatforms) = postSolution
		{42F18C18-D1B7-4B6B-A426-F70759443BDB}.Debug|Any CPU.ActiveCfg = Debug|Any CPU
		{42F18C18-D1B7-4B6B-A426-F70759443BDB}.Debug|Any CPU.Build.0 = Debug|Any CPU
		{42F18C18-D1B7-4B6B-A426-F70759443BDB}.Release|Any CPU.ActiveCfg = Release|Any CPU
		{42F18C18-D1B7-4B6B-A426-F70759443BDB}.Release|Any CPU.Build.0 = Release|Any CPU
	EndGlobalSection
	GlobalSection(SolutionProperties) = preSolution
		HideSolutionNode = FALSE
	EndGlobalSection
	GlobalSection(ExtensibilityGlobals) = postSolution
		SolutionGuid = {6E7E175C-623A-4D0E-9AB0-8307FDA585AF}
	EndGlobalSection
EndGlobal
