
Microsoft Visual Studio Solution File, Format Version 12.00
# Visual Studio Version 17
VisualStudioVersion = 17.14.37216.2 d17.14
MinimumVisualStudioVersion = 10.0.40219.1
Project("{FAE04EC0-301F-11D3-BF4B-00C04F79EFBC}") = "Question6", "Question6\Question6.csproj", "{B3549ED4-5FFF-4AAB-AFAE-11B6C538B00B}"
EndProject
Global
	GlobalSection(SolutionConfigurationPlatforms) = preSolution
		Debug|Any CPU = Debug|Any CPU
		Release|Any CPU = Release|Any CPU
	EndGlobalSection
	GlobalSection(ProjectConfigurationPlatforms) = postSolution
		{B3549ED4-5FFF-4AAB-AFAE-11B6C538B00B}.Debug|Any CPU.ActiveCfg = Debug|Any CPU
		{B3549ED4-5FFF-4AAB-AFAE-11B6C538B00B}.Debug|Any CPU.Build.0 = Debug|Any CPU
		{B3549ED4-5FFF-4AAB-AFAE-11B6C538B00B}.Release|Any CPU.ActiveCfg = Release|Any CPU
		{B3549ED4-5FFF-4AAB-AFAE-11B6C538B00B}.Release|Any CPU.Build.0 = Release|Any CPU
	EndGlobalSection
	GlobalSection(SolutionProperties) = preSolution
		HideSolutionNode = FALSE
	EndGlobalSection
	GlobalSection(ExtensibilityGlobals) = postSolution
		SolutionGuid = {6F6B658F-8B53-4352-8158-6ACB0C0269AA}
	EndGlobalSection
EndGlobal
