
Microsoft Visual Studio Solution File, Format Version 12.00
# Visual Studio Version 17
VisualStudioVersion = 17.14.37216.2 d17.14
MinimumVisualStudioVersion = 10.0.40219.1
Project("{FAE04EC0-301F-11D3-BF4B-00C04F79EFBC}") = "LambdaExcample1", "LambdaExcample1\LambdaExcample1.csproj", "{4ABECE5B-37AD-4455-9D32-0973240756DF}"
EndProject
Global
	GlobalSection(SolutionConfigurationPlatforms) = preSolution
		Debug|Any CPU = Debug|Any CPU
		Release|Any CPU = Release|Any CPU
	EndGlobalSection
	GlobalSection(ProjectConfigurationPlatforms) = postSolution
		{4ABECE5B-37AD-4455-9D32-0973240756DF}.Debug|Any CPU.ActiveCfg = Debug|Any CPU
		{4ABECE5B-37AD-4455-9D32-0973240756DF}.Debug|Any CPU.Build.0 = Debug|Any CPU
		{4ABECE5B-37AD-4455-9D32-0973240756DF}.Release|Any CPU.ActiveCfg = Release|Any CPU
		{4ABECE5B-37AD-4455-9D32-0973240756DF}.Release|Any CPU.Build.0 = Release|Any CPU
	EndGlobalSection
	GlobalSection(SolutionProperties) = preSolution
		HideSolutionNode = FALSE
	EndGlobalSection
	GlobalSection(ExtensibilityGlobals) = postSolution
		SolutionGuid = {C9CF17FC-6D27-4279-9C7A-23CEEC4DF2C9}
	EndGlobalSection
EndGlobal
