
Microsoft Visual Studio Solution File, Format Version 12.00
# Visual Studio Version 17
VisualStudioVersion = 17.14.37216.2 d17.14
MinimumVisualStudioVersion = 10.0.40219.1
Project("{FAE04EC0-301F-11D3-BF4B-00C04F79EFBC}") = "Question2", "Question2\Question2.csproj", "{167FE7B1-C255-41F1-B599-B50230A914AB}"
EndProject
Global
	GlobalSection(SolutionConfigurationPlatforms) = preSolution
		Debug|Any CPU = Debug|Any CPU
		Release|Any CPU = Release|Any CPU
	EndGlobalSection
	GlobalSection(ProjectConfigurationPlatforms) = postSolution
		{167FE7B1-C255-41F1-B599-B50230A914AB}.Debug|Any CPU.ActiveCfg = Debug|Any CPU
		{167FE7B1-C255-41F1-B599-B50230A914AB}.Debug|Any CPU.Build.0 = Debug|Any CPU
		{167FE7B1-C255-41F1-B599-B50230A914AB}.Release|Any CPU.ActiveCfg = Release|Any CPU
		{167FE7B1-C255-41F1-B599-B50230A914AB}.Release|Any CPU.Build.0 = Release|Any CPU
	EndGlobalSection
	GlobalSection(SolutionProperties) = preSolution
		HideSolutionNode = FALSE
	EndGlobalSection
	GlobalSection(ExtensibilityGlobals) = postSolution
		SolutionGuid = {E3F55255-52A4-4953-8A02-FD73FB6C537F}
	EndGlobalSection
EndGlobal
