
Microsoft Visual Studio Solution File, Format Version 12.00
# Visual Studio Version 17
VisualStudioVersion = 17.14.37216.2 d17.14
MinimumVisualStudioVersion = 10.0.40219.1
Project("{FAE04EC0-301F-11D3-BF4B-00C04F79EFBC}") = "Question9", "Question9\Question9.csproj", "{FC8EB42D-DAC2-457D-AE9A-C03770239C5E}"
EndProject
Global
	GlobalSection(SolutionConfigurationPlatforms) = preSolution
		Debug|Any CPU = Debug|Any CPU
		Release|Any CPU = Release|Any CPU
	EndGlobalSection
	GlobalSection(ProjectConfigurationPlatforms) = postSolution
		{FC8EB42D-DAC2-457D-AE9A-C03770239C5E}.Debug|Any CPU.ActiveCfg = Debug|Any CPU
		{FC8EB42D-DAC2-457D-AE9A-C03770239C5E}.Debug|Any CPU.Build.0 = Debug|Any CPU
		{FC8EB42D-DAC2-457D-AE9A-C03770239C5E}.Release|Any CPU.ActiveCfg = Release|Any CPU
		{FC8EB42D-DAC2-457D-AE9A-C03770239C5E}.Release|Any CPU.Build.0 = Release|Any CPU
	EndGlobalSection
	GlobalSection(SolutionProperties) = preSolution
		HideSolutionNode = FALSE
	EndGlobalSection
	GlobalSection(ExtensibilityGlobals) = postSolution
		SolutionGuid = {03637F52-E2DD-48D6-8381-60CD748C90A4}
	EndGlobalSection
EndGlobal
