
Microsoft Visual Studio Solution File, Format Version 12.00
# Visual Studio Version 17
VisualStudioVersion = 17.14.37216.2 d17.14
MinimumVisualStudioVersion = 10.0.40219.1
Project("{FAE04EC0-301F-11D3-BF4B-00C04F79EFBC}") = "Question15", "Question15\Question15.csproj", "{142070EA-1B0B-4420-BFCE-7C5E37BB47EC}"
EndProject
Global
	GlobalSection(SolutionConfigurationPlatforms) = preSolution
		Debug|Any CPU = Debug|Any CPU
		Release|Any CPU = Release|Any CPU
	EndGlobalSection
	GlobalSection(ProjectConfigurationPlatforms) = postSolution
		{142070EA-1B0B-4420-BFCE-7C5E37BB47EC}.Debug|Any CPU.ActiveCfg = Debug|Any CPU
		{142070EA-1B0B-4420-BFCE-7C5E37BB47EC}.Debug|Any CPU.Build.0 = Debug|Any CPU
		{142070EA-1B0B-4420-BFCE-7C5E37BB47EC}.Release|Any CPU.ActiveCfg = Release|Any CPU
		{142070EA-1B0B-4420-BFCE-7C5E37BB47EC}.Release|Any CPU.Build.0 = Release|Any CPU
	EndGlobalSection
	GlobalSection(SolutionProperties) = preSolution
		HideSolutionNode = FALSE
	EndGlobalSection
	GlobalSection(ExtensibilityGlobals) = postSolution
		SolutionGuid = {C5399E4E-D332-4B50-9428-FCF740908BB8}
	EndGlobalSection
EndGlobal
