
Microsoft Visual Studio Solution File, Format Version 12.00
# Visual Studio Version 17
VisualStudioVersion = 17.14.37216.2 d17.14
MinimumVisualStudioVersion = 10.0.40219.1
Project("{FAE04EC0-301F-11D3-BF4B-00C04F79EFBC}") = "Question4", "Question4\Question4.csproj", "{C13499A2-EA38-4370-BA43-00DABD4ED185}"
EndProject
Global
	GlobalSection(SolutionConfigurationPlatforms) = preSolution
		Debug|Any CPU = Debug|Any CPU
		Release|Any CPU = Release|Any CPU
	EndGlobalSection
	GlobalSection(ProjectConfigurationPlatforms) = postSolution
		{C13499A2-EA38-4370-BA43-00DABD4ED185}.Debug|Any CPU.ActiveCfg = Debug|Any CPU
		{C13499A2-EA38-4370-BA43-00DABD4ED185}.Debug|Any CPU.Build.0 = Debug|Any CPU
		{C13499A2-EA38-4370-BA43-00DABD4ED185}.Release|Any CPU.ActiveCfg = Release|Any CPU
		{C13499A2-EA38-4370-BA43-00DABD4ED185}.Release|Any CPU.Build.0 = Release|Any CPU
	EndGlobalSection
	GlobalSection(SolutionProperties) = preSolution
		HideSolutionNode = FALSE
	EndGlobalSection
	GlobalSection(ExtensibilityGlobals) = postSolution
		SolutionGuid = {95BF0C29-A099-48E4-B8BB-73134F338C1D}
	EndGlobalSection
EndGlobal
