
Microsoft Visual Studio Solution File, Format Version 12.00
# Visual Studio Version 17
VisualStudioVersion = 17.14.37216.2 d17.14
MinimumVisualStudioVersion = 10.0.40219.1
Project("{FAE04EC0-301F-11D3-BF4B-00C04F79EFBC}") = "EventStatement", "EventStatement\EventStatement.csproj", "{3940FE42-8286-4872-AC77-30733CCE3CE4}"
EndProject
Global
	GlobalSection(SolutionConfigurationPlatforms) = preSolution
		Debug|Any CPU = Debug|Any CPU
		Release|Any CPU = Release|Any CPU
	EndGlobalSection
	GlobalSection(ProjectConfigurationPlatforms) = postSolution
		{3940FE42-8286-4872-AC77-30733CCE3CE4}.Debug|Any CPU.ActiveCfg = Debug|Any CPU
		{3940FE42-8286-4872-AC77-30733CCE3CE4}.Debug|Any CPU.Build.0 = Debug|Any CPU
		{3940FE42-8286-4872-AC77-30733CCE3CE4}.Release|Any CPU.ActiveCfg = Release|Any CPU
		{3940FE42-8286-4872-AC77-30733CCE3CE4}.Release|Any CPU.Build.0 = Release|Any CPU
	EndGlobalSection
	GlobalSection(SolutionProperties) = preSolution
		HideSolutionNode = FALSE
	EndGlobalSection
	GlobalSection(ExtensibilityGlobals) = postSolution
		SolutionGuid = {8001F7A5-B693-45D9-A9BF-D979483F2385}
	EndGlobalSection
EndGlobal
