
Microsoft Visual Studio Solution File, Format Version 12.00
# Visual Studio Version 17
VisualStudioVersion = 17.14.37216.2 d17.14
MinimumVisualStudioVersion = 10.0.40219.1
Project("{FAE04EC0-301F-11D3-BF4B-00C04F79EFBC}") = "Question11", "Question11\Question11.csproj", "{B325B17C-CD83-426F-AA1F-F279E62CFFCF}"
EndProject
Global
	GlobalSection(SolutionConfigurationPlatforms) = preSolution
		Debug|Any CPU = Debug|Any CPU
		Release|Any CPU = Release|Any CPU
	EndGlobalSection
	GlobalSection(ProjectConfigurationPlatforms) = postSolution
		{B325B17C-CD83-426F-AA1F-F279E62CFFCF}.Debug|Any CPU.ActiveCfg = Debug|Any CPU
		{B325B17C-CD83-426F-AA1F-F279E62CFFCF}.Debug|Any CPU.Build.0 = Debug|Any CPU
		{B325B17C-CD83-426F-AA1F-F279E62CFFCF}.Release|Any CPU.ActiveCfg = Release|Any CPU
		{B325B17C-CD83-426F-AA1F-F279E62CFFCF}.Release|Any CPU.Build.0 = Release|Any CPU
	EndGlobalSection
	GlobalSection(SolutionProperties) = preSolution
		HideSolutionNode = FALSE
	EndGlobalSection
	GlobalSection(ExtensibilityGlobals) = postSolution
		SolutionGuid = {2E3378BF-077C-46DE-BB9F-66AC0C4CF040}
	EndGlobalSection
EndGlobal
