
Microsoft Visual Studio Solution File, Format Version 12.00
# Visual Studio Version 17
VisualStudioVersion = 17.14.37216.2 d17.14
MinimumVisualStudioVersion = 10.0.40219.1
Project("{FAE04EC0-301F-11D3-BF4B-00C04F79EFBC}") = "Question4", "Question4\Question4.csproj", "{32ED07F8-162F-4825-821E-38F7B0D84C1B}"
EndProject
Global
	GlobalSection(SolutionConfigurationPlatforms) = preSolution
		Debug|Any CPU = Debug|Any CPU
		Release|Any CPU = Release|Any CPU
	EndGlobalSection
	GlobalSection(ProjectConfigurationPlatforms) = postSolution
		{32ED07F8-162F-4825-821E-38F7B0D84C1B}.Debug|Any CPU.ActiveCfg = Debug|Any CPU
		{32ED07F8-162F-4825-821E-38F7B0D84C1B}.Debug|Any CPU.Build.0 = Debug|Any CPU
		{32ED07F8-162F-4825-821E-38F7B0D84C1B}.Release|Any CPU.ActiveCfg = Release|Any CPU
		{32ED07F8-162F-4825-821E-38F7B0D84C1B}.Release|Any CPU.Build.0 = Release|Any CPU
	EndGlobalSection
	GlobalSection(SolutionProperties) = preSolution
		HideSolutionNode = FALSE
	EndGlobalSection
	GlobalSection(ExtensibilityGlobals) = postSolution
		SolutionGuid = {63CC77BC-D99F-4CA2-AB74-9A9F93FBBC47}
	EndGlobalSection
EndGlobal
