
Microsoft Visual Studio Solution File, Format Version 12.00
# Visual Studio Version 17
VisualStudioVersion = 17.14.37216.2 d17.14
MinimumVisualStudioVersion = 10.0.40219.1
Project("{FAE04EC0-301F-11D3-BF4B-00C04F79EFBC}") = "Question12", "Question12\Question12.csproj", "{640EF15A-D721-4F53-A574-A2D8A3854851}"
EndProject
Global
	GlobalSection(SolutionConfigurationPlatforms) = preSolution
		Debug|Any CPU = Debug|Any CPU
		Release|Any CPU = Release|Any CPU
	EndGlobalSection
	GlobalSection(ProjectConfigurationPlatforms) = postSolution
		{640EF15A-D721-4F53-A574-A2D8A3854851}.Debug|Any CPU.ActiveCfg = Debug|Any CPU
		{640EF15A-D721-4F53-A574-A2D8A3854851}.Debug|Any CPU.Build.0 = Debug|Any CPU
		{640EF15A-D721-4F53-A574-A2D8A3854851}.Release|Any CPU.ActiveCfg = Release|Any CPU
		{640EF15A-D721-4F53-A574-A2D8A3854851}.Release|Any CPU.Build.0 = Release|Any CPU
	EndGlobalSection
	GlobalSection(SolutionProperties) = preSolution
		HideSolutionNode = FALSE
	EndGlobalSection
	GlobalSection(ExtensibilityGlobals) = postSolution
		SolutionGuid = {796317B3-B0AF-4A52-92EB-951224CC794E}
	EndGlobalSection
EndGlobal
